
Microsoft Visual Studio Solution File, Format Version 12.00
# Visual Studio Version 17
VisualStudioVersion = 17.4.33403.182
MinimumVisualStudioVersion = 10.0.40219.1
Project("{8BC9CEB8-8B4A-11D0-8D11-00A0C91BC942}") = "Soru-4", "Soru-4\Soru-4.vcxproj", "{E85EB4BE-B196-4EE5-BCBE-6C8619B6FE5A}"
EndProject
Global
	GlobalSection(SolutionConfigurationPlatforms) = preSolution
		Debug|x64 = Debug|x64
		Debug|x86 = Debug|x86
		Release|x64 = Release|x64
		Release|x86 = Release|x86
	EndGlobalSection
	GlobalSection(ProjectConfigurationPlatforms) = postSolution
		{E85EB4BE-B196-4EE5-BCBE-6C8619B6FE5A}.Debug|x64.ActiveCfg = Debug|x64
		{E85EB4BE-B196-4EE5-BCBE-6C8619B6FE5A}.Debug|x64.Build.0 = Debug|x64
		{E85EB4BE-B196-4EE5-BCBE-6C8619B6FE5A}.Debug|x86.ActiveCfg = Debug|Win32
		{E85EB4BE-B196-4EE5-BCBE-6C8619B6FE5A}.Debug|x86.Build.0 = Debug|Win32
		{E85EB4BE-B196-4EE5-BCBE-6C8619B6FE5A}.Release|x64.ActiveCfg = Release|x64
		{E85EB4BE-B196-4EE5-BCBE-6C8619B6FE5A}.Release|x64.Build.0 = Release|x64
		{E85EB4BE-B196-4EE5-BCBE-6C8619B6FE5A}.Release|x86.ActiveCfg = Release|Win32
		{E85EB4BE-B196-4EE5-BCBE-6C8619B6FE5A}.Release|x86.Build.0 = Release|Win32
	EndGlobalSection
	GlobalSection(SolutionProperties) = preSolution
		HideSolutionNode = FALSE
	EndGlobalSection
	GlobalSection(ExtensibilityGlobals) = postSolution
		SolutionGuid = {1E83E6D6-919F-4138-95DB-9DA55AF409A1}
	EndGlobalSection
EndGlobal
